// !$*UTF8*$!
{
	archiveVersion = 1;
	classes = {
	};
	objectVersion = 50;
	objects = {

/* Begin PBXBuildFile section */
		0E9A64B8213B1CC900CC3865 /* AppDelegate.swift in Sources */ = {isa = PBXBuildFile; fileRef = 0E9A64B7213B1CC900CC3865 /* AppDelegate.swift */; };
		0E9A64BA213B1CC900CC3865 /* recordSoundsViewController.swift in Sources */ = {isa = PBXBuildFile; fileRef = 0E9A64B9213B1CC900CC3865 /* recordSoundsViewController.swift */; };
		0E9A64BD213B1CC900CC3865 /* Main.storyboard in Resources */ = {isa = PBXBuildFile; fileRef = 0E9A64BB213B1CC900CC3865 /* Main.storyboard */; };
		0E9A64BF213B1CCA00CC3865 /* Assets.xcassets in Resources */ = {isa = PBXBuildFile; fileRef = 0E9A64BE213B1CCA00CC3865 /* Assets.xcassets */; };
		0E9A64C2213B1CCA00CC3865 /* LaunchScreen.storyboard in Resources */ = {isa = PBXBuildFile; fileRef = 0E9A64C0213B1CCA00CC3865 /* LaunchScreen.storyboard */; };
		0E9A64CD213B1CCB00CC3865 /* PitchPerfectUITests.swift in Sources */ = {isa = PBXBuildFile; fileRef = 0E9A64CC213B1CCB00CC3865 /* PitchPerfectUITests.swift */; };
		0EA6F4A5214F0BBB0049BF2D /* PlaySoundsViewController.swift in Sources */ = {isa = PBXBuildFile; fileRef = 0EA6F4A4214F0BBB0049BF2D /* PlaySoundsViewController.swift */; };
		0EF0678521574EBF0081C6A2 /* playsoundsviewcontroller-audio.swift in Sources */ = {isa = PBXBuildFile; fileRef = 0EF0678421574EBF0081C6A2 /* playsoundsviewcontroller-audio.swift */; };
/* End PBXBuildFile section */

/* Begin PBXContainerItemProxy section */
		0E9A64C9213B1CCB00CC3865 /* PBXContainerItemProxy */ = {
			isa = PBXContainerItemProxy;
			containerPortal = 0E9A64AC213B1CC900CC3865 /* Project object */;
			proxyType = 1;
			remoteGlobalIDString = 0E9A64B3213B1CC900CC3865;
			remoteInfo = PitchPerfect;
		};
/* End PBXContainerItemProxy section */

/* Begin PBXFileReference section */
		0E9A64B4213B1CC900CC3865 /* PitchPerfect.app */ = {isa = PBXFileReference; explicitFileType = wrapper.application; includeInIndex = 0; path = PitchPerfect.app; sourceTree = BUILT_PRODUCTS_DIR; };
		0E9A64B7213B1CC900CC3865 /* AppDelegate.swift */ = {isa = PBXFileReference; lastKnownFileType = sourcecode.swift; path = AppDelegate.swift; sourceTree = "<group>"; };
		0E9A64B9213B1CC900CC3865 /* recordSoundsViewController.swift */ = {isa = PBXFileReference; lastKnownFileType = sourcecode.swift; path = recordSoundsViewController.swift; sourceTree = "<group>"; };
		0E9A64BC213B1CC900CC3865 /* Base */ = {isa = PBXFileReference; lastKnownFileType = file.storyboard; name = Base; path = Base.lproj/Main.storyboard; sourceTree = "<group>"; };
		0E9A64BE213B1CCA00CC3865 /* Assets.xcassets */ = {isa = PBXFileReference; lastKnownFileType = folder.assetcatalog; path = Assets.xcassets; sourceTree = "<group>"; };
		0E9A64C1213B1CCA00CC3865 /* Base */ = {isa = PBXFileReference; lastKnownFileType = file.storyboard; name = Base; path = Base.lproj/LaunchScreen.storyboard; sourceTree = "<group>"; };
		0E9A64C3213B1CCA00CC3865 /* Info.plist */ = {isa = PBXFileReference; lastKnownFileType = text.plist.xml; path = Info.plist; sourceTree = "<group>"; };
		0E9A64C8213B1CCB00CC3865 /* PitchPerfectUITests.xctest */ = {isa = PBXFileReference; explicitFileType = wrapper.cfbundle; includeInIndex = 0; path = PitchPerfectUITests.xctest; sourceTree = BUILT_PRODUCTS_DIR; };
		0E9A64CC213B1CCB00CC3865 /* PitchPerfectUITests.swift */ = {isa = PBXFileReference; lastKnownFileType = sourcecode.swift; path = PitchPerfectUITests.swift; sourceTree = "<group>"; };
		0E9A64CE213B1CCB00CC3865 /* Info.plist */ = {isa = PBXFileReference; lastKnownFileType = text.plist.xml; path = Info.plist; sourceTree = "<group>"; };
		0EA6F4A4214F0BBB0049BF2D /* PlaySoundsViewController.swift */ = {isa = PBXFileReference; lastKnownFileType = sourcecode.swift; path = PlaySoundsViewController.swift; sourceTree = "<group>"; };
		0EF0678421574EBF0081C6A2 /* playsoundsviewcontroller-audio.swift */ = {isa = PBXFileReference; fileEncoding = 4; lastKnownFileType = sourcecode.swift; name = "playsoundsviewcontroller-audio.swift"; path = "../../../../Desktop/playsoundsviewcontroller-audio.swift"; sourceTree = "<group>"; };
/* End PBXFileReference section */

/* Begin PBXFrameworksBuildPhase section */
		0E9A64B1213B1CC900CC3865 /* Frameworks */ = {
			isa = PBXFrameworksBuildPhase;
			buildActionMask = 2147483647;
			files = (
			);
			runOnlyForDeploymentPostprocessing = 0;
		};
		0E9A64C5213B1CCB00CC3865 /* Frameworks */ = {
			isa = PBXFrameworksBuildPhase;
			buildActionMask = 2147483647;
			files = (
			);
			runOnlyForDeploymentPostprocessing = 0;
		};
/* End PBXFrameworksBuildPhase section */

/* Begin PBXGroup section */
		0E9A64AB213B1CC900CC3865 = {
			isa = PBXGroup;
			children = (
				0E9A64B6213B1CC900CC3865 /* PitchPerfect */,
				0E9A64CB213B1CCB00CC3865 /* PitchPerfectUITests */,
				0E9A64B5213B1CC900CC3865 /* Products */,
			);
			sourceTree = "<group>";
		};
		0E9A64B5213B1CC900CC3865 /* Products */ = {
			isa = PBXGroup;
			children = (
				0E9A64B4213B1CC900CC3865 /* PitchPerfect.app */,
				0E9A64C8213B1CCB00CC3865 /* PitchPerfectUITests.xctest */,
			);
			name = Products;
			sourceTree = "<group>";
		};
		0E9A64B6213B1CC900CC3865 /* PitchPerfect */ = {
			isa = PBXGroup;
			children = (
				0E9A64B7213B1CC900CC3865 /* AppDelegate.swift */,
				0E9A64B9213B1CC900CC3865 /* recordSoundsViewController.swift */,
				0E9A64BB213B1CC900CC3865 /* Main.storyboard */,
				0E9A64BE213B1CCA00CC3865 /* Assets.xcassets */,
				0E9A64C0213B1CCA00CC3865 /* LaunchScreen.storyboard */,
				0E9A64C3213B1CCA00CC3865 /* Info.plist */,
				0EA6F4A4214F0BBB0049BF2D /* PlaySoundsViewController.swift */,
				0EF0678421574EBF0081C6A2 /* playsoundsviewcontroller-audio.swift */,
			);
			path = PitchPerfect;
			sourceTree = "<group>";
		};
		0E9A64CB213B1CCB00CC3865 /* PitchPerfectUITests */ = {
			isa = PBXGroup;
			children = (
				0E9A64CC213B1CCB00CC3865 /* PitchPerfectUITests.swift */,
				0E9A64CE213B1CCB00CC3865 /* Info.plist */,
			);
			path = PitchPerfectUITests;
			sourceTree = "<group>";
		};
/* End PBXGroup section */

/* Begin PBXNativeTarget section */
		0E9A64B3213B1CC900CC3865 /* PitchPerfect */ = {
			isa = PBXNativeTarget;
			buildConfigurationList = 0E9A64D1213B1CCB00CC3865 /* Build configuration list for PBXNativeTarget "PitchPerfect" */;
			buildPhases = (
				0E9A64B0213B1CC900CC3865 /* Sources */,
				0E9A64B1213B1CC900CC3865 /* Frameworks */,
				0E9A64B2213B1CC900CC3865 /* Resources */,
			);
			buildRules = (
			);
			dependencies = (
			);
			name = PitchPerfect;
			productName = PitchPerfect;
			productReference = 0E9A64B4213B1CC900CC3865 /* PitchPerfect.app */;
			productType = "com.apple.product-type.application";
		};
		0E9A64C7213B1CCB00CC3865 /* PitchPerfectUITests */ = {
			isa = PBXNativeTarget;
			buildConfigurationList = 0E9A64D4213B1CCB00CC3865 /* Build configuration list for PBXNativeTarget "PitchPerfectUITests" */;
			buildPhases = (
				0E9A64C4213B1CCB00CC3865 /* Sources */,
				0E9A64C5213B1CCB00CC3865 /* Frameworks */,
				0E9A64C6213B1CCB00CC3865 /* Resources */,
			);
			buildRules = (
			);
			dependencies = (
				0E9A64CA213B1CCB00CC3865 /* PBXTargetDependency */,
			);
			name = PitchPerfectUITests;
			productName = PitchPerfectUITests;
			productReference = 0E9A64C8213B1CCB00CC3865 /* PitchPerfectUITests.xctest */;
			productType = "com.apple.product-type.bundle.ui-testing";
		};
/* End PBXNativeTarget section */

/* Begin PBXProject section */
		0E9A64AC213B1CC900CC3865 /* Project object */ = {
			isa = PBXProject;
			attributes = {
				LastSwiftUpdateCheck = 0940;
				LastUpgradeCheck = 0940;
				ORGANIZATIONNAME = "David Gouldsmith";
				TargetAttributes = {
					0E9A64B3213B1CC900CC3865 = {
						CreatedOnToolsVersion = 9.4.1;
					};
					0E9A64C7213B1CCB00CC3865 = {
						CreatedOnToolsVersion = 9.4.1;
						TestTargetID = 0E9A64B3213B1CC900CC3865;
					};
				};
			};
			buildConfigurationList = 0E9A64AF213B1CC900CC3865 /* Build configuration list for PBXProject "PitchPerfect" */;
			compatibilityVersion = "Xcode 9.3";
			developmentRegion = en;
			hasScannedForEncodings = 0;
			knownRegions = (
				en,
				Base,
			);
			mainGroup = 0E9A64AB213B1CC900CC3865;
			productRefGroup = 0E9A64B5213B1CC900CC3865 /* Products */;
			projectDirPath = "";
			projectRoot = "";
			targets = (
				0E9A64B3213B1CC900CC3865 /* PitchPerfect */,
				0E9A64C7213B1CCB00CC3865 /* PitchPerfectUITests */,
			);
		};
/* End PBXProject section */

/* Begin PBXResourcesBuildPhase section */
		0E9A64B2213B1CC900CC3865 /* Resources */ = {
			isa = PBXResourcesBuildPhase;
			buildActionMask = 2147483647;
			files = (
				0E9A64C2213B1CCA00CC3865 /* LaunchScreen.storyboard in Resources */,
				0E9A64BF213B1CCA00CC3865 /* Assets.xcassets in Resources */,
				0E9A64BD213B1CC900CC3865 /* Main.storyboard in Resources */,
			);
			runOnlyForDeploymentPostprocessing = 0;
		};
		0E9A64C6213B1CCB00CC3865 /* Resources */ = {
			isa = PBXResourcesBuildPhase;
			buildActionMask = 2147483647;
			files = (
			);
			runOnlyForDeploymentPostprocessing = 0;
		};
/* End PBXResourcesBuildPhase section */

/* Begin PBXSourcesBuildPhase section */
		0E9A64B0213B1CC900CC3865 /* Sources */ = {
			isa = PBXSourcesBuildPhase;
			buildActionMask = 2147483647;
			files = (
				0E9A64BA213B1CC900CC3865 /* recordSoundsViewController.swift in Sources */,
				0EA6F4A5214F0BBB0049BF2D /* PlaySoundsViewController.swift in Sources */,
				0E9A64B8213B1CC900CC3865 /* AppDelegate.swift in Sources */,
				0EF0678521574EBF0081C6A2 /* playsoundsviewcontroller-audio.swift in Sources */,
			);
			runOnlyForDeploymentPostprocessing = 0;
		};
		0E9A64C4213B1CCB00CC3865 /* Sources */ = {
			isa = PBXSourcesBuildPhase;
			buildActionMask = 2147483647;
			files = (
				0E9A64CD213B1CCB00CC3865 /* PitchPerfectUITests.swift in Sources */,
			);
			runOnlyForDeploymentPostprocessing = 0;
		};
/* End PBXSourcesBuildPhase section */

/* Begin PBXTargetDependency section */
		0E9A64CA213B1CCB00CC3865 /* PBXTargetDependency */ = {
			isa = PBXTargetDependency;
			target = 0E9A64B3213B1CC900CC3865 /* PitchPerfect */;
			targetProxy = 0E9A64C9213B1CCB00CC3865 /* PBXContainerItemProxy */;
		};
/* End PBXTargetDependency section */

/* Begin PBXVariantGroup section */
		0E9A64BB213B1CC900CC3865 /* Main.storyboard */ = {
			isa = PBXVariantGroup;
			children = (
				0E9A64BC213B1CC900CC3865 /* Base */,
			);
			name = Main.storyboard;
			sourceTree = "<group>";
		};
		0E9A64C0213B1CCA00CC3865 /* LaunchScreen.storyboard */ = {
			isa = PBXVariantGroup;
			children = (
				0E9A64C1213B1CCA00CC3865 /* Base */,
			);
			name = LaunchScreen.storyboard;
			sourceTree = "<group>";
		};
/* End PBXVariantGroup section */

/* Begin XCBuildConfiguration section */
		0E9A64CF213B1CCB00CC3865 /* Debug */ = {
			isa = XCBuildConfiguration;
			buildSettings = {
				ALWAYS_SEARCH_USER_PATHS = NO;
				CLANG_ANALYZER_NONNULL = YES;
				CLANG_ANALYZER_NUMBER_OBJECT_CONVERSION = YES_AGGRESSIVE;
				CLANG_CXX_LANGUAGE_STANDARD = "gnu++14";
				CLANG_CXX_LIBRARY = "libc++";
				CLANG_ENABLE_MODULES = YES;
				CLANG_ENABLE_OBJC_ARC = YES;
				CLANG_ENABLE_OBJC_WEAK = YES;
				CLANG_WARN_BLOCK_CAPTURE_AUTORELEASING = YES;
				CLANG_WARN_BOOL_CONVERSION = YES;
				CLANG_WARN_COMMA = YES;
				CLANG_WARN_CONSTANT_CONVERSION = YES;
				CLANG_WARN_DEPRECATED_OBJC_IMPLEMENTATIONS = YES;
				CLANG_WARN_DIRECT_OBJC_ISA_USAGE = YES_ERROR;
				CLANG_WARN_DOCUMENTATION_COMMENTS = YES;
				CLANG_WARN_EMPTY_BODY = YES;
				CLANG_WARN_ENUM_CONVERSION = YES;
				CLANG_WARN_INFINITE_RECURSION = YES;
				CLANG_WARN_INT_CONVERSION = YES;
				CLANG_WARN_NON_LITERAL_NULL_CONVERSION = YES;
				CLANG_WARN_OBJC_IMPLICIT_RETAIN_SELF = YES;
				CLANG_WARN_OBJC_LITERAL_CONVERSION = YES;
				CLANG_WARN_OBJC_ROOT_CLASS = YES_ERROR;
				CLANG_WARN_RANGE_LOOP_ANALYSIS = YES;
				CLANG_WARN_STRICT_PROTOTYPES = YES;
				CLANG_WARN_SUSPICIOUS_MOVE = YES;
				CLANG_WARN_UNGUARDED_AVAILABILITY = YES_AGGRESSIVE;
				CLANG_WARN_UNREACHABLE_CODE = YES;
				CLANG_WARN__DUPLICATE_METHOD_MATCH = YES;
				CODE_SIGN_IDENTITY = "iPhone Developer";
				COPY_PHASE_STRIP = NO;
				DEBUG_INFORMATION_FORMAT = dwarf;
				ENABLE_STRICT_OBJC_MSGSEND = YES;
				ENABLE_TESTABILITY = YES;
				GCC_C_LANGUAGE_STANDARD = gnu11;
				GCC_DYNAMIC_NO_PIC = NO;
				GCC_NO_COMMON_BLOCKS = YES;
				GCC_OPTIMIZATION_LEVEL = 0;
				GCC_PREPROCESSOR_DEFINITIONS = (
					"DEBUG=1",
					"$(inherited)",
				);
				GCC_WARN_64_TO_32_BIT_CONVERSION = YES;
				GCC_WARN_ABOUT_RETURN_TYPE = YES_ERROR;
				GCC_WARN_UNDECLARED_SELECTOR = YES;
				GCC_WARN_UNINITIALIZED_AUTOS = YES_AGGRESSIVE;
				GCC_WARN_UNUSED_FUNCTION = YES;
				GCC_WARN_UNUSED_VARIABLE = YES;
				IPHONEOS_DEPLOYMENT_TARGET = 11.4;
				MTL_ENABLE_DEBUG_INFO = YES;
				ONLY_ACTIVE_ARCH = YES;
				SDKROOT = iphoneos;
				SWIFT_ACTIVE_COMPILATION_CONDITIONS = DEBUG;
				SWIFT_OPTIMIZATION_LEVEL = "-Onone";
			};
			name = Debug;
		};
		0E9A64D0213B1CCB00CC3865 /* Release */ = {
			isa = XCBuildConfiguration;
			buildSettings = {
				ALWAYS_SEARCH_USER_PATHS = NO;
				CLANG_ANALYZER_NONNULL = YES;
				CLANG_ANALYZER_NUMBER_OBJECT_CONVERSION = YES_AGGRESSIVE;
				CLANG_CXX_LANGUAGE_STANDARD = "gnu++14";
				CLANG_CXX_LIBRARY = "libc++";
				CLANG_ENABLE_MODULES = YES;
				CLANG_ENABLE_OBJC_ARC = YES;
				CLANG_ENABLE_OBJC_WEAK = YES;
				CLANG_WARN_BLOCK_CAPTURE_AUTORELEASING = YES;
				CLANG_WARN_BOOL_CONVERSION = YES;
				CLANG_WARN_COMMA = YES;
				CLANG_WARN_CONSTANT_CONVERSION = YES;
				CLANG_WARN_DEPRECATED_OBJC_IMPLEMENTATIONS = YES;
				CLANG_WARN_DIRECT_OBJC_ISA_USAGE = YES_ERROR;
				CLANG_WARN_DOCUMENTATION_COMMENTS = YES;
				CLANG_WARN_EMPTY_BODY = YES;
				CLANG_WARN_ENUM_CONVERSION = YES;
				CLANG_WARN_INFINITE_RECURSION = YES;
				CLANG_WARN_INT_CONVERSION = YES;
				CLANG_WARN_NON_LITERAL_NULL_CONVERSION = YES;
				CLANG_WARN_OBJC_IMPLICIT_RETAIN_SELF = YES;
				CLANG_WARN_OBJC_LITERAL_CONVERSION = YES;
				CLANG_WARN_OBJC_ROOT_CLASS = YES_ERROR;
				CLANG_WARN_RANGE_LOOP_ANALYSIS = YES;
				CLANG_WARN_STRICT_PROTOTYPES = YES;
				CLANG_WARN_SUSPICIOUS_MOVE = YES;
				CLANG_WARN_UNGUARDED_AVAILABILITY = YES_AGGRESSIVE;
				CLANG_WARN_UNREACHABLE_CODE = YES;
				CLANG_WARN__DUPLICATE_METHOD_MATCH = YES;
				CODE_SIGN_IDENTITY = "iPhone Developer";
				COPY_PHASE_STRIP = NO;
				DEBUG_INFORMATION_FORMAT = "dwarf-with-dsym";
				ENABLE_NS_ASSERTIONS = NO;
				ENABLE_STRICT_OBJC_MSGSEND = YES;
				GCC_C_LANGUAGE_STANDARD = gnu11;
				GCC_NO_COMMON_BLOCKS = YES;
				GCC_WARN_64_TO_32_BIT_CONVERSION = YES;
				GCC_WARN_ABOUT_RETURN_TYPE = YES_ERROR;
				GCC_WARN_UNDECLARED_SELECTOR = YES;
				GCC_WARN_UNINITIALIZED_AUTOS = YES_AGGRESSIVE;
				GCC_WARN_UNUSED_FUNCTION = YES;
				GCC_WARN_UNUSED_VARIABLE = YES;
				IPHONEOS_DEPLOYMENT_TARGET = 11.4;
				MTL_ENABLE_DEBUG_INFO = NO;
				SDKROOT = iphoneos;
				SWIFT_COMPILATION_MODE = wholemodule;
				SWIFT_OPTIMIZATION_LEVEL = "-O";
				VALIDATE_PRODUCT = YES;
			};
			name = Release;
		};
		0E9A64D2213B1CCB00CC3865 /* Debug */ = {
			isa = XCBuildConfiguration;
			buildSettings = {
				ASSETCATALOG_COMPILER_APPICON_NAME = AppIcon;
				CODE_SIGN_STYLE = Automatic;
				INFOPLIST_FILE = PitchPerfect/Info.plist;
				LD_RUNPATH_SEARCH_PATHS = (
					"$(inherited)",
					"@executable_path/Frameworks",
				);
				PRODUCT_BUNDLE_IDENTIFIER = com.david.PitchPerfect;
				PRODUCT_NAME = "$(TARGET_NAME)";
				SWIFT_VERSION = 4.0;
				TARGETED_DEVICE_FAMILY = "1,2";
			};
			name = Debug;
		};
		0E9A64D3213B1CCB00CC3865 /* Release */ = {
			isa = XCBuildConfiguration;
			buildSettings = {
				ASSETCATALOG_COMPILER_APPICON_NAME = AppIcon;
				CODE_SIGN_STYLE = Automatic;
				INFOPLIST_FILE = PitchPerfect/Info.plist;
				LD_RUNPATH_SEARCH_PATHS = (
					"$(inherited)",
					"@executable_path/Frameworks",
				);
				PRODUCT_BUNDLE_IDENTIFIER = com.david.PitchPerfect;
				PRODUCT_NAME = "$(TARGET_NAME)";
				SWIFT_VERSION = 4.0;
				TARGETED_DEVICE_FAMILY = "1,2";
			};
			name = Release;
		};
		0E9A64D5213B1CCB00CC3865 /* Debug */ = {
			isa = XCBuildConfiguration;
			buildSettings = {
				ALWAYS_EMBED_SWIFT_STANDARD_LIBRARIES = YES;
				CODE_SIGN_STYLE = Automatic;
				INFOPLIST_FILE = PitchPerfectUITests/Info.plist;
				LD_RUNPATH_SEARCH_PATHS = (
					"$(inherited)",
					"@executable_path/Frameworks",
					"@loader_path/Frameworks",
				);
				PRODUCT_BUNDLE_IDENTIFIER = com.david.PitchPerfectUITests;
				PRODUCT_NAME = "$(TARGET_NAME)";
				SWIFT_VERSION = 4.0;
				TARGETED_DEVICE_FAMILY = "1,2";
				TEST_TARGET_NAME = PitchPerfect;
			};
			name = Debug;
		};
		0E9A64D6213B1CCB00CC3865 /* Release */ = {
			isa = XCBuildConfiguration;
			buildSettings = {
				ALWAYS_EMBED_SWIFT_STANDARD_LIBRARIES = YES;
				CODE_SIGN_STYLE = Automatic;
				INFOPLIST_FILE = PitchPerfectUITests/Info.plist;
				LD_RUNPATH_SEARCH_PATHS = (
					"$(inherited)",
					"@executable_path/Frameworks",
					"@loader_path/Frameworks",
				);
				PRODUCT_BUNDLE_IDENTIFIER = com.david.PitchPerfectUITests;
				PRODUCT_NAME = "$(TARGET_NAME)";
				SWIFT_VERSION = 4.0;
				TARGETED_DEVICE_FAMILY = "1,2";
				TEST_TARGET_NAME = PitchPerfect;
			};
			name = Release;
		};
/* End XCBuildConfiguration section */

/* Begin XCConfigurationList section */
		0E9A64AF213B1CC900CC3865 /* Build configuration list for PBXProject "PitchPerfect" */ = {
			isa = XCConfigurationList;
			buildConfigurations = (
				0E9A64CF213B1CCB00CC3865 /* Debug */,
				0E9A64D0213B1CCB00CC3865 /* Release */,
			);
			defaultConfigurationIsVisible = 0;
			defaultConfigurationName = Release;
		};
		0E9A64D1213B1CCB00CC3865 /* Build configuration list for PBXNativeTarget "PitchPerfect" */ = {
			isa = XCConfigurationList;
			buildConfigurations = (
				0E9A64D2213B1CCB00CC3865 /* Debug */,
				0E9A64D3213B1CCB00CC3865 /* Release */,
			);
			defaultConfigurationIsVisible = 0;
			defaultConfigurationName = Release;
		};
		0E9A64D4213B1CCB00CC3865 /* Build configuration list for PBXNativeTarget "PitchPerfectUITests" */ = {
			isa = XCConfigurationList;
			buildConfigurations = (
				0E9A64D5213B1CCB00CC3865 /* Debug */,
				0E9A64D6213B1CCB00CC3865 /* Release */,
			);
			defaultConfigurationIsVisible = 0;
			defaultConfigurationName = Release;
		};
/* End XCConfigurationList section */
	};
	rootObject = 0E9A64AC213B1CC900CC3865 /* Project object */;
}
